PODS:
  - Alamofire (5.0.2)
  - Japx/Alamofire (3.0.0):
    - Alamofire (~> 5.0)
    - Japx/Core
  - Japx/Codable (3.0.0):
    - Japx/Core
  - Japx/CodableAlamofire (3.0.0):
    - Japx/Alamofire
    - Japx/Codable
  - Japx/Core (3.0.0)
  - Japx/RxAlamofire (3.0.0):
    - Japx/Alamofire
    - RxSwift (~> 5.0)
  - Japx/RxCodableAlamofire (3.0.0):
    - Japx/CodableAlamofire
    - Japx/RxAlamofire
  - Loggie (2.2)
  - MBProgressHUD (1.2.0)
  - Nimble (8.0.5)
  - Quick (2.2.0)
  - RxBlocking (5.0.1):
    - RxSwift (~> 5)
  - RxCocoa (5.0.1):
    - RxRelay (~> 5)
    - RxSwift (~> 5)
  - RxNimble (4.7.0):
    - RxNimble/RxBlocking (= 4.7.0)
  - RxNimble/Core (4.7.0):
    - Nimble (~> 8.0)
    - RxSwift (~> 5.0)
  - RxNimble/RxBlocking (4.7.0):
    - RxBlocking
    - RxNimble/Core
  - RxRelay (5.0.1):
    - RxSwift (~> 5)
  - RxSwift (5.0.1)
  - RxTest (5.0.1):
    - RxSwift (~> 5)
  - "SwiftI18n/I18n+Case (1.2.1)"

DEPENDENCIES:
  - Japx/RxCodableAlamofire (from `https://github.com/infinum/Japx`, branch `feature/alamofire5`)
  - Loggie
  - MBProgressHUD
  - Nimble
  - Quick
  - RxBlocking
  - RxCocoa
  - RxNimble
  - RxSwift
  - RxTest
  - "SwiftI18n/I18n+Case"

SPEC REPOS:
  trunk:
    - Alamofire
    - Loggie
    - MBProgressHUD
    - Nimble
    - Quick
    - RxBlocking
    - RxCocoa
    - RxNimble
    - RxRelay
    - RxSwift
    - RxTest
    - SwiftI18n

EXTERNAL SOURCES:
  Japx:
    :branch: feature/alamofire5
    :git: https://github.com/infinum/Japx

CHECKOUT OPTIONS:
  Japx:
    :commit: c2ca3860f708f4cd8b20cc755a951578c1460698
    :git: https://github.com/infinum/Japx

SPEC CHECKSUMS:
  Alamofire: 3ba7a4db18b4f62c4a1c0e1cb39d7f3d52e10ada
  Japx: d1f7f3e4b94f2013538102e96cf96fd417005f76
  Loggie: bb1d3b1164eb3b7a218155e7f513fec5041d1132
  MBProgressHUD: 3ee5efcc380f6a79a7cc9b363dd669c5e1ae7406
  Nimble: 4ab1aeb9b45553c75b9687196b0fa0713170a332
  Quick: 7fb19e13be07b5dfb3b90d4f9824c855a11af40e
  RxBlocking: c5e090f42d046df8b0e7752742510f349963710f
  RxCocoa: e741b9749968e8a143e2b787f1dfbff2b63d0a5c
  RxNimble: aced90abeb480864fc25da9aeeaefc0b595b8bee
  RxRelay: 89d54507f4fd4d969e6ec1d4bd7f3673640b4640
  RxSwift: e2dc62b366a3adf6a0be44ba9f405efd4c94e0c4
  RxTest: 0132f952a61da82d5233abedaa559df91e5330e5
  SwiftI18n: 67d3b531548924f5a562660e938d76f42e6493f7

PODFILE CHECKSUM: 4dbd50d721d3e26c4342d28e264ab70dd4e979a7

COCOAPODS: 1.9.0
