PODS:
  - Alamofire (5.4.3)
  - Japx/Alamofire (3.0.0):
    - Alamofire (~> 5.0)
    - Japx/Core
  - Japx/Codable (3.0.0):
    - Japx/Core
  - Japx/CodableAlamofire (3.0.0):
    - Japx/Alamofire
    - Japx/Codable
  - Japx/Core (3.0.0)
  - Japx/RxAlamofire (3.0.0):
    - Japx/Alamofire
    - RxSwift (~> 5.0)
  - Japx/RxCodableAlamofire (3.0.0):
    - Japx/CodableAlamofire
    - Japx/RxAlamofire
  - Loggie (2.3.0)
  - MBProgressHUD (1.2.0)
  - Nimble (9.2.0)
  - Quick (4.0.0)
  - RxBlocking (5.1.1):
    - RxSwift (~> 5)
  - RxCocoa (5.1.1):
    - RxRelay (~> 5)
    - RxSwift (~> 5)
  - RxNimble (5.0.0):
    - RxNimble/RxBlocking (= 5.0.0)
  - RxNimble/Core (5.0.0):
    - Nimble (~> 9.0)
    - RxSwift (~> 5.0)
  - RxNimble/RxBlocking (5.0.0):
    - RxBlocking
    - RxNimble/Core
  - RxRelay (5.1.1):
    - RxSwift (~> 5)
  - RxSwift (5.1.2)
  - RxTest (5.1.2):
    - RxSwift (~> 5)
  - "SwiftI18n/I18n+Case (1.2.1)"

DEPENDENCIES:
  - Japx/RxCodableAlamofire
  - Loggie
  - MBProgressHUD
  - Nimble
  - Quick
  - RxBlocking
  - RxCocoa
  - RxNimble
  - RxSwift
  - RxTest
  - "SwiftI18n/I18n+Case"

SPEC REPOS:
  trunk:
    - Alamofire
    - Japx
    - Loggie
    - MBProgressHUD
    - Nimble
    - Quick
    - RxBlocking
    - RxCocoa
    - RxNimble
    - RxRelay
    - RxSwift
    - RxTest
    - SwiftI18n

SPEC CHECKSUMS:
  Alamofire: e447a2774a40c996748296fa2c55112fdbbc42f9
  Japx: d1f7f3e4b94f2013538102e96cf96fd417005f76
  Loggie: 12ed0ea1f90590b627bb2f4b8aeb983c112a7c8d
  MBProgressHUD: 3ee5efcc380f6a79a7cc9b363dd669c5e1ae7406
  Nimble: 4f4a345c80b503b3ea13606a4f98405974ee4d0b
  Quick: 6473349e43b9271a8d43839d9ba1c442ed1b7ac4
  RxBlocking: 5f700a78cad61ce253ebd37c9a39b5ccc76477b4
  RxCocoa: 32065309a38d29b5b0db858819b5bf9ef038b601
  RxNimble: 3b757b0f8fb4dc487c3f9a383bc61a6f5bd72d28
  RxRelay: d77f7d771495f43c556cbc43eebd1bb54d01e8e9
  RxSwift: 1e2e1f9570186967f617e49128ed26ccf1bafc8e
  RxTest: 274549b747dca56f47c52c8991ec5cf797ecfe40
  SwiftI18n: 67d3b531548924f5a562660e938d76f42e6493f7

PODFILE CHECKSUM: c1bd3c6635241eddbc27b561b9958b59ee1c5e23

COCOAPODS: 1.10.0
